// !$*UTF8*$!
{
	archiveVersion = 1;
	classes = {
	};
	objectVersion = 50;
	objects = {

/* Begin PBXBuildFile section */
		054AD4FB2429053900A5D67D /* AppDelegate.swift in Sources */ = {isa = PBXBuildFile; fileRef = 054AD4FA2429053900A5D67D /* AppDelegate.swift */; };
		054AD4FD2429053900A5D67D /* SceneDelegate.swift in Sources */ = {isa = PBXBuildFile; fileRef = 054AD4FC2429053900A5D67D /* SceneDelegate.swift */; };
		054AD4FF2429053900A5D67D /* ViewController.swift in Sources */ = {isa = PBXBuildFile; fileRef = 054AD4FE2429053900A5D67D /* ViewController.swift */; };
		054AD5022429053900A5D67D /* Main.storyboard in Resources */ = {isa = PBXBuildFile; fileRef = 054AD5002429053900A5D67D /* Main.storyboard */; };
		054AD5042429054100A5D67D /* Assets.xcassets in Resources */ = {isa = PBXBuildFile; fileRef = 054AD5032429054100A5D67D /* Assets.xcassets */; };
		054AD5072429054100A5D67D /* LaunchScreen.storyboard in Resources */ = {isa = PBXBuildFile; fileRef = 054AD5052429054100A5D67D /* LaunchScreen.storyboard */; };
		054AD5122429054100A5D67D /* PillPall_CS295_IndividualTests.swift in Sources */ = {isa = PBXBuildFile; fileRef = 054AD5112429054100A5D67D /* PillPall_CS295_IndividualTests.swift */; };
		054AD51D2429054100A5D67D /* PillPall_CS295_IndividualUITests.swift in Sources */ = {isa = PBXBuildFile; fileRef = 054AD51C2429054100A5D67D /* PillPall_CS295_IndividualUITests.swift */; };
/* End PBXBuildFile section */

/* Begin PBXContainerItemProxy section */
		054AD50E2429054100A5D67D /* PBXContainerItemProxy */ = {
			isa = PBXContainerItemProxy;
			containerPortal = 054AD4EF2429053900A5D67D /* Project object */;
			proxyType = 1;
			remoteGlobalIDString = 054AD4F62429053900A5D67D;
			remoteInfo = "PillPall CS295 Individual";
		};
		054AD5192429054100A5D67D /* PBXContainerItemProxy */ = {
			isa = PBXContainerItemProxy;
			containerPortal = 054AD4EF2429053900A5D67D /* Project object */;
			proxyType = 1;
			remoteGlobalIDString = 054AD4F62429053900A5D67D;
			remoteInfo = "PillPall CS295 Individual";
		};
/* End PBXContainerItemProxy section */

/* Begin PBXFileReference section */
		054AD4F72429053900A5D67D /* PillPall CS295 Individual.app */ = {isa = PBXFileReference; explicitFileType = wrapper.application; includeInIndex = 0; path = "PillPall CS295 Individual.app"; sourceTree = BUILT_PRODUCTS_DIR; };
		054AD4FA2429053900A5D67D /* AppDelegate.swift */ = {isa = PBXFileReference; lastKnownFileType = sourcecode.swift; path = AppDelegate.swift; sourceTree = "<group>"; };
		054AD4FC2429053900A5D67D /* SceneDelegate.swift */ = {isa = PBXFileReference; lastKnownFileType = sourcecode.swift; path = SceneDelegate.swift; sourceTree = "<group>"; };
		054AD4FE2429053900A5D67D /* ViewController.swift */ = {isa = PBXFileReference; lastKnownFileType = sourcecode.swift; path = ViewController.swift; sourceTree = "<group>"; };
		054AD5012429053900A5D67D /* Base */ = {isa = PBXFileReference; lastKnownFileType = file.storyboard; name = Base; path = Base.lproj/Main.storyboard; sourceTree = "<group>"; };
		054AD5032429054100A5D67D /* Assets.xcassets */ = {isa = PBXFileReference; lastKnownFileType = folder.assetcatalog; path = Assets.xcassets; sourceTree = "<group>"; };
		054AD5062429054100A5D67D /* Base */ = {isa = PBXFileReference; lastKnownFileType = file.storyboard; name = Base; path = Base.lproj/LaunchScreen.storyboard; sourceTree = "<group>"; };
		054AD5082429054100A5D67D /* Info.plist */ = {isa = PBXFileReference; lastKnownFileType = text.plist.xml; path = Info.plist; sourceTree = "<group>"; };
		054AD50D2429054100A5D67D /* PillPall CS295 IndividualTests.xctest */ = {isa = PBXFileReference; explicitFileType = wrapper.cfbundle; includeInIndex = 0; path = "PillPall CS295 IndividualTests.xctest"; sourceTree = BUILT_PRODUCTS_DIR; };
		054AD5112429054100A5D67D /* PillPall_CS295_IndividualTests.swift */ = {isa = PBXFileReference; lastKnownFileType = sourcecode.swift; path = PillPall_CS295_IndividualTests.swift; sourceTree = "<group>"; };
		054AD5132429054100A5D67D /* Info.plist */ = {isa = PBXFileReference; lastKnownFileType = text.plist.xml; path = Info.plist; sourceTree = "<group>"; };
		054AD5182429054100A5D67D /* PillPall CS295 IndividualUITests.xctest */ = {isa = PBXFileReference; explicitFileType = wrapper.cfbundle; includeInIndex = 0; path = "PillPall CS295 IndividualUITests.xctest"; sourceTree = BUILT_PRODUCTS_DIR; };
		054AD51C2429054100A5D67D /* PillPall_CS295_IndividualUITests.swift */ = {isa = PBXFileReference; lastKnownFileType = sourcecode.swift; path = PillPall_CS295_IndividualUITests.swift; sourceTree = "<group>"; };
		054AD51E2429054100A5D67D /* Info.plist */ = {isa = PBXFileReference; lastKnownFileType = text.plist.xml; path = Info.plist; sourceTree = "<group>"; };
/* End PBXFileReference section */

/* Begin PBXFrameworksBuildPhase section */
		054AD4F42429053900A5D67D /* Frameworks */ = {
			isa = PBXFrameworksBuildPhase;
			buildActionMask = 2147483647;
			files = (
			);
			runOnlyForDeploymentPostprocessing = 0;
		};
		054AD50A2429054100A5D67D /* Frameworks */ = {
			isa = PBXFrameworksBuildPhase;
			buildActionMask = 2147483647;
			files = (
			);
			runOnlyForDeploymentPostprocessing = 0;
		};
		054AD5152429054100A5D67D /* Frameworks */ = {
			isa = PBXFrameworksBuildPhase;
			buildActionMask = 2147483647;
			files = (
			);
			runOnlyForDeploymentPostprocessing = 0;
		};
/* End PBXFrameworksBuildPhase section */

/* Begin PBXGroup section */
		054AD4EE2429053900A5D67D = {
			isa = PBXGroup;
			children = (
				054AD4F92429053900A5D67D /* PillPall CS295 Individual */,
				054AD5102429054100A5D67D /* PillPall CS295 IndividualTests */,
				054AD51B2429054100A5D67D /* PillPall CS295 IndividualUITests */,
				054AD4F82429053900A5D67D /* Products */,
			);
			sourceTree = "<group>";
		};
		054AD4F82429053900A5D67D /* Products */ = {
			isa = PBXGroup;
			children = (
				054AD4F72429053900A5D67D /* PillPall CS295 Individual.app */,
				054AD50D2429054100A5D67D /* PillPall CS295 IndividualTests.xctest */,
				054AD5182429054100A5D67D /* PillPall CS295 IndividualUITests.xctest */,
			);
			name = Products;
			sourceTree = "<group>";
		};
		054AD4F92429053900A5D67D /* PillPall CS295 Individual */ = {
			isa = PBXGroup;
			children = (
				054AD4FA2429053900A5D67D /* AppDelegate.swift */,
				054AD4FC2429053900A5D67D /* SceneDelegate.swift */,
				054AD4FE2429053900A5D67D /* ViewController.swift */,
				054AD5002429053900A5D67D /* Main.storyboard */,
				054AD5032429054100A5D67D /* Assets.xcassets */,
				054AD5052429054100A5D67D /* LaunchScreen.storyboard */,
				054AD5082429054100A5D67D /* Info.plist */,
			);
			path = "PillPall CS295 Individual";
			sourceTree = "<group>";
		};
		054AD5102429054100A5D67D /* PillPall CS295 IndividualTests */ = {
			isa = PBXGroup;
			children = (
				054AD5112429054100A5D67D /* PillPall_CS295_IndividualTests.swift */,
				054AD5132429054100A5D67D /* Info.plist */,
			);
			path = "PillPall CS295 IndividualTests";
			sourceTree = "<group>";
		};
		054AD51B2429054100A5D67D /* PillPall CS295 IndividualUITests */ = {
			isa = PBXGroup;
			children = (
				054AD51C2429054100A5D67D /* PillPall_CS295_IndividualUITests.swift */,
				054AD51E2429054100A5D67D /* Info.plist */,
			);
			path = "PillPall CS295 IndividualUITests";
			sourceTree = "<group>";
		};
/* End PBXGroup section */

/* Begin PBXNativeTarget section */
		054AD4F62429053900A5D67D /* PillPall CS295 Individual */ = {
			isa = PBXNativeTarget;
			buildConfigurationList = 054AD5212429054100A5D67D /* Build configuration list for PBXNativeTarget "PillPall CS295 Individual" */;
			buildPhases = (
				054AD4F32429053900A5D67D /* Sources */,
				054AD4F42429053900A5D67D /* Frameworks */,
				054AD4F52429053900A5D67D /* Resources */,
			);
			buildRules = (
			);
			dependencies = (
			);
			name = "PillPall CS295 Individual";
			productName = "PillPall CS295 Individual";
			productReference = 054AD4F72429053900A5D67D /* PillPall CS295 Individual.app */;
			productType = "com.apple.product-type.application";
		};
		054AD50C2429054100A5D67D /* PillPall CS295 IndividualTests */ = {
			isa = PBXNativeTarget;
			buildConfigurationList = 054AD5242429054100A5D67D /* Build configuration list for PBXNativeTarget "PillPall CS295 IndividualTests" */;
			buildPhases = (
				054AD5092429054100A5D67D /* Sources */,
				054AD50A2429054100A5D67D /* Frameworks */,
				054AD50B2429054100A5D67D /* Resources */,
			);
			buildRules = (
			);
			dependencies = (
				054AD50F2429054100A5D67D /* PBXTargetDependency */,
			);
			name = "PillPall CS295 IndividualTests";
			productName = "PillPall CS295 IndividualTests";
			productReference = 054AD50D2429054100A5D67D /* PillPall CS295 IndividualTests.xctest */;
			productType = "com.apple.product-type.bundle.unit-test";
		};
		054AD5172429054100A5D67D /* PillPall CS295 IndividualUITests */ = {
			isa = PBXNativeTarget;
			buildConfigurationList = 054AD5272429054100A5D67D /* Build configuration list for PBXNativeTarget "PillPall CS295 IndividualUITests" */;
			buildPhases = (
				054AD5142429054100A5D67D /* Sources */,
				054AD5152429054100A5D67D /* Frameworks */,
				054AD5162429054100A5D67D /* Resources */,
			);
			buildRules = (
			);
			dependencies = (
				054AD51A2429054100A5D67D /* PBXTargetDependency */,
			);
			name = "PillPall CS295 IndividualUITests";
			productName = "PillPall CS295 IndividualUITests";
			productReference = 054AD5182429054100A5D67D /* PillPall CS295 IndividualUITests.xctest */;
			productType = "com.apple.product-type.bundle.ui-testing";
		};
/* End PBXNativeTarget section */

/* Begin PBXProject section */
		054AD4EF2429053900A5D67D /* Project object */ = {
			isa = PBXProject;
			attributes = {
				LastSwiftUpdateCheck = 1130;
				LastUpgradeCheck = 1130;
				ORGANIZATIONNAME = "Jordan Genovese";
				TargetAttributes = {
					054AD4F62429053900A5D67D = {
						CreatedOnToolsVersion = 11.3.1;
					};
					054AD50C2429054100A5D67D = {
						CreatedOnToolsVersion = 11.3.1;
						TestTargetID = 054AD4F62429053900A5D67D;
					};
					054AD5172429054100A5D67D = {
						CreatedOnToolsVersion = 11.3.1;
						TestTargetID = 054AD4F62429053900A5D67D;
					};
				};
			};
			buildConfigurationList = 054AD4F22429053900A5D67D /* Build configuration list for PBXProject "PillPall CS295 Individual" */;
			compatibilityVersion = "Xcode 9.3";
			developmentRegion = en;
			hasScannedForEncodings = 0;
			knownRegions = (
				en,
				Base,
			);
			mainGroup = 054AD4EE2429053900A5D67D;
			productRefGroup = 054AD4F82429053900A5D67D /* Products */;
			projectDirPath = "";
			projectRoot = "";
			targets = (
				054AD4F62429053900A5D67D /* PillPall CS295 Individual */,
				054AD50C2429054100A5D67D /* PillPall CS295 IndividualTests */,
				054AD5172429054100A5D67D /* PillPall CS295 IndividualUITests */,
			);
		};
/* End PBXProject section */

/* Begin PBXResourcesBuildPhase section */
		054AD4F52429053900A5D67D /* Resources */ = {
			isa = PBXResourcesBuildPhase;
			buildActionMask = 2147483647;
			files = (
				054AD5072429054100A5D67D /* LaunchScreen.storyboard in Resources */,
				054AD5042429054100A5D67D /* Assets.xcassets in Resources */,
				054AD5022429053900A5D67D /* Main.storyboard in Resources */,
			);
			runOnlyForDeploymentPostprocessing = 0;
		};
		054AD50B2429054100A5D67D /* Resources */ = {
			isa = PBXResourcesBuildPhase;
			buildActionMask = 2147483647;
			files = (
			);
			runOnlyForDeploymentPostprocessing = 0;
		};
		054AD5162429054100A5D67D /* Resources */ = {
			isa = PBXResourcesBuildPhase;
			buildActionMask = 2147483647;
			files = (
			);
			runOnlyForDeploymentPostprocessing = 0;
		};
/* End PBXResourcesBuildPhase section */

/* Begin PBXSourcesBuildPhase section */
		054AD4F32429053900A5D67D /* Sources */ = {
			isa = PBXSourcesBuildPhase;
			buildActionMask = 2147483647;
			files = (
				054AD4FF2429053900A5D67D /* ViewController.swift in Sources */,
				054AD4FB2429053900A5D67D /* AppDelegate.swift in Sources */,
				054AD4FD2429053900A5D67D /* SceneDelegate.swift in Sources */,
			);
			runOnlyForDeploymentPostprocessing = 0;
		};
		054AD5092429054100A5D67D /* Sources */ = {
			isa = PBXSourcesBuildPhase;
			buildActionMask = 2147483647;
			files = (
				054AD5122429054100A5D67D /* PillPall_CS295_IndividualTests.swift in Sources */,
			);
			runOnlyForDeploymentPostprocessing = 0;
		};
		054AD5142429054100A5D67D /* Sources */ = {
			isa = PBXSourcesBuildPhase;
			buildActionMask = 2147483647;
			files = (
				054AD51D2429054100A5D67D /* PillPall_CS295_IndividualUITests.swift in Sources */,
			);
			runOnlyForDeploymentPostprocessing = 0;
		};
/* End PBXSourcesBuildPhase section */

/* Begin PBXTargetDependency section */
		054AD50F2429054100A5D67D /* PBXTargetDependency */ = {
			isa = PBXTargetDependency;
			target = 054AD4F62429053900A5D67D /* PillPall CS295 Individual */;
			targetProxy = 054AD50E2429054100A5D67D /* PBXContainerItemProxy */;
		};
		054AD51A2429054100A5D67D /* PBXTargetDependency */ = {
			isa = PBXTargetDependency;
			target = 054AD4F62429053900A5D67D /* PillPall CS295 Individual */;
			targetProxy = 054AD5192429054100A5D67D /* PBXContainerItemProxy */;
		};
/* End PBXTargetDependency section */

/* Begin PBXVariantGroup section */
		054AD5002429053900A5D67D /* Main.storyboard */ = {
			isa = PBXVariantGroup;
			children = (
				054AD5012429053900A5D67D /* Base */,
			);
			name = Main.storyboard;
			sourceTree = "<group>";
		};
		054AD5052429054100A5D67D /* LaunchScreen.storyboard */ = {
			isa = PBXVariantGroup;
			children = (
				054AD5062429054100A5D67D /* Base */,
			);
			name = LaunchScreen.storyboard;
			sourceTree = "<group>";
		};
/* End PBXVariantGroup section */

/* Begin XCBuildConfiguration section */
		054AD51F2429054100A5D67D /* Debug */ = {
			isa = XCBuildConfiguration;
			buildSettings = {
				ALWAYS_SEARCH_USER_PATHS = NO;
				CLANG_ANALYZER_NONNULL = YES;
				CLANG_ANALYZER_NUMBER_OBJECT_CONVERSION = YES_AGGRESSIVE;
				CLANG_CXX_LANGUAGE_STANDARD = "gnu++14";
				CLANG_CXX_LIBRARY = "libc++";
				CLANG_ENABLE_MODULES = YES;
				CLANG_ENABLE_OBJC_ARC = YES;
				CLANG_ENABLE_OBJC_WEAK = YES;
				CLANG_WARN_BLOCK_CAPTURE_AUTORELEASING = YES;
				CLANG_WARN_BOOL_CONVERSION = YES;
				CLANG_WARN_COMMA = YES;
				CLANG_WARN_CONSTANT_CONVERSION = YES;
				CLANG_WARN_DEPRECATED_OBJC_IMPLEMENTATIONS = YES;
				CLANG_WARN_DIRECT_OBJC_ISA_USAGE = YES_ERROR;
				CLANG_WARN_DOCUMENTATION_COMMENTS = YES;
				CLANG_WARN_EMPTY_BODY = YES;
				CLANG_WARN_ENUM_CONVERSION = YES;
				CLANG_WARN_INFINITE_RECURSION = YES;
				CLANG_WARN_INT_CONVERSION = YES;
				CLANG_WARN_NON_LITERAL_NULL_CONVERSION = YES;
				CLANG_WARN_OBJC_IMPLICIT_RETAIN_SELF = YES;
				CLANG_WARN_OBJC_LITERAL_CONVERSION = YES;
				CLANG_WARN_OBJC_ROOT_CLASS = YES_ERROR;
				CLANG_WARN_RANGE_LOOP_ANALYSIS = YES;
				CLANG_WARN_STRICT_PROTOTYPES = YES;
				CLANG_WARN_SUSPICIOUS_MOVE = YES;
				CLANG_WARN_UNGUARDED_AVAILABILITY = YES_AGGRESSIVE;
				CLANG_WARN_UNREACHABLE_CODE = YES;
				CLANG_WARN__DUPLICATE_METHOD_MATCH = YES;
				COPY_PHASE_STRIP = NO;
				DEBUG_INFORMATION_FORMAT = dwarf;
				ENABLE_STRICT_OBJC_MSGSEND = YES;
				ENABLE_TESTABILITY = YES;
				GCC_C_LANGUAGE_STANDARD = gnu11;
				GCC_DYNAMIC_NO_PIC = NO;
				GCC_NO_COMMON_BLOCKS = YES;
				GCC_OPTIMIZATION_LEVEL = 0;
				GCC_PREPROCESSOR_DEFINITIONS = (
					"DEBUG=1",
					"$(inherited)",
				);
				GCC_WARN_64_TO_32_BIT_CONVERSION = YES;
				GCC_WARN_ABOUT_RETURN_TYPE = YES_ERROR;
				GCC_WARN_UNDECLARED_SELECTOR = YES;
				GCC_WARN_UNINITIALIZED_AUTOS = YES_AGGRESSIVE;
				GCC_WARN_UNUSED_FUNCTION = YES;
				GCC_WARN_UNUSED_VARIABLE = YES;
				IPHONEOS_DEPLOYMENT_TARGET = 13.2;
				MTL_ENABLE_DEBUG_INFO = INCLUDE_SOURCE;
				MTL_FAST_MATH = YES;
				ONLY_ACTIVE_ARCH = YES;
				SDKROOT = iphoneos;
				SWIFT_ACTIVE_COMPILATION_CONDITIONS = DEBUG;
				SWIFT_OPTIMIZATION_LEVEL = "-Onone";
			};
			name = Debug;
		};
		054AD5202429054100A5D67D /* Release */ = {
			isa = XCBuildConfiguration;
			buildSettings = {
				ALWAYS_SEARCH_USER_PATHS = NO;
				CLANG_ANALYZER_NONNULL = YES;
				CLANG_ANALYZER_NUMBER_OBJECT_CONVERSION = YES_AGGRESSIVE;
				CLANG_CXX_LANGUAGE_STANDARD = "gnu++14";
				CLANG_CXX_LIBRARY = "libc++";
				CLANG_ENABLE_MODULES = YES;
				CLANG_ENABLE_OBJC_ARC = YES;
				CLANG_ENABLE_OBJC_WEAK = YES;
				CLANG_WARN_BLOCK_CAPTURE_AUTORELEASING = YES;
				CLANG_WARN_BOOL_CONVERSION = YES;
				CLANG_WARN_COMMA = YES;
				CLANG_WARN_CONSTANT_CONVERSION = YES;
				CLANG_WARN_DEPRECATED_OBJC_IMPLEMENTATIONS = YES;
				CLANG_WARN_DIRECT_OBJC_ISA_USAGE = YES_ERROR;
				CLANG_WARN_DOCUMENTATION_COMMENTS = YES;
				CLANG_WARN_EMPTY_BODY = YES;
				CLANG_WARN_ENUM_CONVERSION = YES;
				CLANG_WARN_INFINITE_RECURSION = YES;
				CLANG_WARN_INT_CONVERSION = YES;
				CLANG_WARN_NON_LITERAL_NULL_CONVERSION = YES;
				CLANG_WARN_OBJC_IMPLICIT_RETAIN_SELF = YES;
				CLANG_WARN_OBJC_LITERAL_CONVERSION = YES;
				CLANG_WARN_OBJC_ROOT_CLASS = YES_ERROR;
				CLANG_WARN_RANGE_LOOP_ANALYSIS = YES;
				CLANG_WARN_STRICT_PROTOTYPES = YES;
				CLANG_WARN_SUSPICIOUS_MOVE = YES;
				CLANG_WARN_UNGUARDED_AVAILABILITY = YES_AGGRESSIVE;
				CLANG_WARN_UNREACHABLE_CODE = YES;
				CLANG_WARN__DUPLICATE_METHOD_MATCH = YES;
				COPY_PHASE_STRIP = NO;
				DEBUG_INFORMATION_FORMAT = "dwarf-with-dsym";
				ENABLE_NS_ASSERTIONS = NO;
				ENABLE_STRICT_OBJC_MSGSEND = YES;
				GCC_C_LANGUAGE_STANDARD = gnu11;
				GCC_NO_COMMON_BLOCKS = YES;
				GCC_WARN_64_TO_32_BIT_CONVERSION = YES;
				GCC_WARN_ABOUT_RETURN_TYPE = YES_ERROR;
				GCC_WARN_UNDECLARED_SELECTOR = YES;
				GCC_WARN_UNINITIALIZED_AUTOS = YES_AGGRESSIVE;
				GCC_WARN_UNUSED_FUNCTION = YES;
				GCC_WARN_UNUSED_VARIABLE = YES;
				IPHONEOS_DEPLOYMENT_TARGET = 13.2;
				MTL_ENABLE_DEBUG_INFO = NO;
				MTL_FAST_MATH = YES;
				SDKROOT = iphoneos;
				SWIFT_COMPILATION_MODE = wholemodule;
				SWIFT_OPTIMIZATION_LEVEL = "-O";
				VALIDATE_PRODUCT = YES;
			};
			name = Release;
		};
		054AD5222429054100A5D67D /* Debug */ = {
			isa = XCBuildConfiguration;
			buildSettings = {
				ASSETCATALOG_COMPILER_APPICON_NAME = AppIcon;
				CODE_SIGN_STYLE = Automatic;
				INFOPLIST_FILE = "PillPall CS295 Individual/Info.plist";
				LD_RUNPATH_SEARCH_PATHS = (
					"$(inherited)",
					"@executable_path/Frameworks",
				);
				PRODUCT_BUNDLE_IDENTIFIER = "pillpallapp.PillPall-CS295-Individual";
				PRODUCT_NAME = "$(TARGET_NAME)";
				SWIFT_VERSION = 5.0;
				TARGETED_DEVICE_FAMILY = "1,2";
			};
			name = Debug;
		};
		054AD5232429054100A5D67D /* Release */ = {
			isa = XCBuildConfiguration;
			buildSettings = {
				ASSETCATALOG_COMPILER_APPICON_NAME = AppIcon;
				CODE_SIGN_STYLE = Automatic;
				INFOPLIST_FILE = "PillPall CS295 Individual/Info.plist";
				LD_RUNPATH_SEARCH_PATHS = (
					"$(inherited)",
					"@executable_path/Frameworks",
				);
				PRODUCT_BUNDLE_IDENTIFIER = "pillpallapp.PillPall-CS295-Individual";
				PRODUCT_NAME = "$(TARGET_NAME)";
				SWIFT_VERSION = 5.0;
				TARGETED_DEVICE_FAMILY = "1,2";
			};
			name = Release;
		};
		054AD5252429054100A5D67D /* Debug */ = {
			isa = XCBuildConfiguration;
			buildSettings = {
				ALWAYS_EMBED_SWIFT_STANDARD_LIBRARIES = YES;
				BUNDLE_LOADER = "$(TEST_HOST)";
				CODE_SIGN_STYLE = Automatic;
				INFOPLIST_FILE = "PillPall CS295 IndividualTests/Info.plist";
				IPHONEOS_DEPLOYMENT_TARGET = 13.2;
				LD_RUNPATH_SEARCH_PATHS = (
					"$(inherited)",
					"@executable_path/Frameworks",
					"@loader_path/Frameworks",
				);
				PRODUCT_BUNDLE_IDENTIFIER = "pillpallapp.PillPall-CS295-IndividualTests";
				PRODUCT_NAME = "$(TARGET_NAME)";
				SWIFT_VERSION = 5.0;
				TARGETED_DEVICE_FAMILY = "1,2";
				TEST_HOST = "$(BUILT_PRODUCTS_DIR)/PillPall CS295 Individual.app/PillPall CS295 Individual";
			};
			name = Debug;
		};
		054AD5262429054100A5D67D /* Release */ = {
			isa = XCBuildConfiguration;
			buildSettings = {
				ALWAYS_EMBED_SWIFT_STANDARD_LIBRARIES = YES;
				BUNDLE_LOADER = "$(TEST_HOST)";
				CODE_SIGN_STYLE = Automatic;
				INFOPLIST_FILE = "PillPall CS295 IndividualTests/Info.plist";
				IPHONEOS_DEPLOYMENT_TARGET = 13.2;
				LD_RUNPATH_SEARCH_PATHS = (
					"$(inherited)",
					"@executable_path/Frameworks",
					"@loader_path/Frameworks",
				);
				PRODUCT_BUNDLE_IDENTIFIER = "pillpallapp.PillPall-CS295-IndividualTests";
				PRODUCT_NAME = "$(TARGET_NAME)";
				SWIFT_VERSION = 5.0;
				TARGETED_DEVICE_FAMILY = "1,2";
				TEST_HOST = "$(BUILT_PRODUCTS_DIR)/PillPall CS295 Individual.app/PillPall CS295 Individual";
			};
			name = Release;
		};
		054AD5282429054100A5D67D /* Debug */ = {
			isa = XCBuildConfiguration;
			buildSettings = {
				ALWAYS_EMBED_SWIFT_STANDARD_LIBRARIES = YES;
				CODE_SIGN_STYLE = Automatic;
				INFOPLIST_FILE = "PillPall CS295 IndividualUITests/Info.plist";
				LD_RUNPATH_SEARCH_PATHS = (
					"$(inherited)",
					"@executable_path/Frameworks",
					"@loader_path/Frameworks",
				);
				PRODUCT_BUNDLE_IDENTIFIER = "pillpallapp.PillPall-CS295-IndividualUITests";
				PRODUCT_NAME = "$(TARGET_NAME)";
				SWIFT_VERSION = 5.0;
				TARGETED_DEVICE_FAMILY = "1,2";
				TEST_TARGET_NAME = "PillPall CS295 Individual";
			};
			name = Debug;
		};
		054AD5292429054100A5D67D /* Release */ = {
			isa = XCBuildConfiguration;
			buildSettings = {
				ALWAYS_EMBED_SWIFT_STANDARD_LIBRARIES = YES;
				CODE_SIGN_STYLE = Automatic;
				INFOPLIST_FILE = "PillPall CS295 IndividualUITests/Info.plist";
				LD_RUNPATH_SEARCH_PATHS = (
					"$(inherited)",
					"@executable_path/Frameworks",
					"@loader_path/Frameworks",
				);
				PRODUCT_BUNDLE_IDENTIFIER = "pillpallapp.PillPall-CS295-IndividualUITests";
				PRODUCT_NAME = "$(TARGET_NAME)";
				SWIFT_VERSION = 5.0;
				TARGETED_DEVICE_FAMILY = "1,2";
				TEST_TARGET_NAME = "PillPall CS295 Individual";
			};
			name = Release;
		};
/* End XCBuildConfiguration section */

/* Begin XCConfigurationList section */
		054AD4F22429053900A5D67D /* Build configuration list for PBXProject "PillPall CS295 Individual" */ = {
			isa = XCConfigurationList;
			buildConfigurations = (
				054AD51F2429054100A5D67D /* Debug */,
				054AD5202429054100A5D67D /* Release */,
			);
			defaultConfigurationIsVisible = 0;
			defaultConfigurationName = Release;
		};
		054AD5212429054100A5D67D /* Build configuration list for PBXNativeTarget "PillPall CS295 Individual" */ = {
			isa = XCConfigurationList;
			buildConfigurations = (
				054AD5222429054100A5D67D /* Debug */,
				054AD5232429054100A5D67D /* Release */,
			);
			defaultConfigurationIsVisible = 0;
			defaultConfigurationName = Release;
		};
		054AD5242429054100A5D67D /* Build configuration list for PBXNativeTarget "PillPall CS295 IndividualTests" */ = {
			isa = XCConfigurationList;
			buildConfigurations = (
				054AD5252429054100A5D67D /* Debug */,
				054AD5262429054100A5D67D /* Release */,
			);
			defaultConfigurationIsVisible = 0;
			defaultConfigurationName = Release;
		};
		054AD5272429054100A5D67D /* Build configuration list for PBXNativeTarget "PillPall CS295 IndividualUITests" */ = {
			isa = XCConfigurationList;
			buildConfigurations = (
				054AD5282429054100A5D67D /* Debug */,
				054AD5292429054100A5D67D /* Release */,
			);
			defaultConfigurationIsVisible = 0;
			defaultConfigurationName = Release;
		};
/* End XCConfigurationList section */
	};
	rootObject = 054AD4EF2429053900A5D67D /* Project object */;
}
